
Microsoft Visual Studio Solution File, Format Version 12.00
# Visual Studio Version 17
VisualStudioVersion = 17.14.36310.24
MinimumVisualStudioVersion = 10.0.40219.1
Project("{8BC9CEB8-8B4A-11D0-8D11-00A0C91BC942}") = "ValkArchiveTool", "ValkArchiveTool\ValkArchiveTool.vcxproj", "{8DADB76B-0FB5-4F97-A9D4-8E32AC2FFA06}"
EndProject
Project("{8BC9CEB8-8B4A-11D0-8D11-00A0C91BC942}") = "ValkMg2ImageTool", "ValkMg2ImageTool\ValkMg2ImageTool.vcxproj", "{4553C404-2069-441D-BCBD-7787A5786D95}"
EndProject
Project("{8BC9CEB8-8B4A-11D0-8D11-00A0C91BC942}") = "Am2ArchiveTool", "Am2ArchiveTool\Am2ArchiveTool.vcxproj", "{8F1DE368-DA02-4BC0-8430-590A6C0ACE82}"
EndProject
Global
	GlobalSection(SolutionConfigurationPlatforms) = preSolution
		Debug|x64 = Debug|x64
		Debug|x86 = Debug|x86
		Release|x64 = Release|x64
		Release|x86 = Release|x86
	EndGlobalSection
	GlobalSection(ProjectConfigurationPlatforms) = postSolution
		{8DADB76B-0FB5-4F97-A9D4-8E32AC2FFA06}.Debug|x64.ActiveCfg = Debug|x64
		{8DADB76B-0FB5-4F97-A9D4-8E32AC2FFA06}.Debug|x64.Build.0 = Debug|x64
		{8DADB76B-0FB5-4F97-A9D4-8E32AC2FFA06}.Debug|x86.ActiveCfg = Debug|Win32
		{8DADB76B-0FB5-4F97-A9D4-8E32AC2FFA06}.Debug|x86.Build.0 = Debug|Win32
		{8DADB76B-0FB5-4F97-A9D4-8E32AC2FFA06}.Release|x64.ActiveCfg = Release|x64
		{8DADB76B-0FB5-4F97-A9D4-8E32AC2FFA06}.Release|x64.Build.0 = Release|x64
		{8DADB76B-0FB5-4F97-A9D4-8E32AC2FFA06}.Release|x86.ActiveCfg = Release|Win32
		{8DADB76B-0FB5-4F97-A9D4-8E32AC2FFA06}.Release|x86.Build.0 = Release|Win32
		{4553C404-2069-441D-BCBD-7787A5786D95}.Debug|x64.ActiveCfg = Debug|x64
		{4553C404-2069-441D-BCBD-7787A5786D95}.Debug|x64.Build.0 = Debug|x64
		{4553C404-2069-441D-BCBD-7787A5786D95}.Debug|x86.ActiveCfg = Debug|Win32
		{4553C404-2069-441D-BCBD-7787A5786D95}.Debug|x86.Build.0 = Debug|Win32
		{4553C404-2069-441D-BCBD-7787A5786D95}.Release|x64.ActiveCfg = Release|x64
		{4553C404-2069-441D-BCBD-7787A5786D95}.Release|x64.Build.0 = Release|x64
		{4553C404-2069-441D-BCBD-7787A5786D95}.Release|x86.ActiveCfg = Release|Win32
		{4553C404-2069-441D-BCBD-7787A5786D95}.Release|x86.Build.0 = Release|Win32
		{8F1DE368-DA02-4BC0-8430-590A6C0ACE82}.Debug|x64.ActiveCfg = Debug|x64
		{8F1DE368-DA02-4BC0-8430-590A6C0ACE82}.Debug|x64.Build.0 = Debug|x64
		{8F1DE368-DA02-4BC0-8430-590A6C0ACE82}.Debug|x86.ActiveCfg = Debug|Win32
		{8F1DE368-DA02-4BC0-8430-590A6C0ACE82}.Debug|x86.Build.0 = Debug|Win32
		{8F1DE368-DA02-4BC0-8430-590A6C0ACE82}.Release|x64.ActiveCfg = Release|x64
		{8F1DE368-DA02-4BC0-8430-590A6C0ACE82}.Release|x64.Build.0 = Release|x64
		{8F1DE368-DA02-4BC0-8430-590A6C0ACE82}.Release|x86.ActiveCfg = Release|Win32
		{8F1DE368-DA02-4BC0-8430-590A6C0ACE82}.Release|x86.Build.0 = Release|Win32
	EndGlobalSection
	GlobalSection(SolutionProperties) = preSolution
		HideSolutionNode = FALSE
	EndGlobalSection
	GlobalSection(ExtensibilityGlobals) = postSolution
		SolutionGuid = {55395B72-E656-49E7-9DD4-CE9811D89FD2}
	EndGlobalSection
EndGlobal
